
Microsoft Visual Studio Solution File, Format Version 12.00
# Visual Studio Version 17
VisualStudioVersion = 17.3.32929.385
MinimumVisualStudioVersion = 10.0.40219.1
Project("{FAE04EC0-301F-11D3-BF4B-00C04F79EFBC}") = "Task6_OOO_OkeanZdrav", "Task6_OOO_OkeanZdrav\Task6_OOO_OkeanZdrav.csproj", "{8C5A02A1-7343-4A61-92F4-FD04B4AA5994}"
EndProject
Global
	GlobalSection(SolutionConfigurationPlatforms) = preSolution
		Debug|Any CPU = Debug|Any CPU
		Release|Any CPU = Release|Any CPU
	EndGlobalSection
	GlobalSection(ProjectConfigurationPlatforms) = postSolution
		{8C5A02A1-7343-4A61-92F4-FD04B4AA5994}.Debug|Any CPU.ActiveCfg = Debug|Any CPU
		{8C5A02A1-7343-4A61-92F4-FD04B4AA5994}.Debug|Any CPU.Build.0 = Debug|Any CPU
		{8C5A02A1-7343-4A61-92F4-FD04B4AA5994}.Release|Any CPU.ActiveCfg = Release|Any CPU
		{8C5A02A1-7343-4A61-92F4-FD04B4AA5994}.Release|Any CPU.Build.0 = Release|Any CPU
	EndGlobalSection
	GlobalSection(SolutionProperties) = preSolution
		HideSolutionNode = FALSE
	EndGlobalSection
	GlobalSection(ExtensibilityGlobals) = postSolution
		SolutionGuid = {BEA9AC4D-94F0-42F1-AA2C-5329B6B1A7FB}
	EndGlobalSection
EndGlobal
